
Microsoft Visual Studio Solution File, Format Version 12.00
# Visual Studio Version 17
VisualStudioVersion = 17.14.36221.1
MinimumVisualStudioVersion = 10.0.40219.1
Project("{54A90642-561A-4BB1-A94E-469ADEE60C69}") = "accordian", "accordian\accordian.esproj", "{CD5DCA1C-7477-F089-63B2-BF3B5D813289}"
EndProject
Global
	GlobalSection(SolutionConfigurationPlatforms) = preSolution
		Debug|Any CPU = Debug|Any CPU
		Release|Any CPU = Release|Any CPU
	EndGlobalSection
	GlobalSection(ProjectConfigurationPlatforms) = postSolution
		{CD5DCA1C-7477-F089-63B2-BF3B5D813289}.Debug|Any CPU.ActiveCfg = Debug|Any CPU
		{CD5DCA1C-7477-F089-63B2-BF3B5D813289}.Debug|Any CPU.Build.0 = Debug|Any CPU
		{CD5DCA1C-7477-F089-63B2-BF3B5D813289}.Debug|Any CPU.Deploy.0 = Debug|Any CPU
		{CD5DCA1C-7477-F089-63B2-BF3B5D813289}.Release|Any CPU.ActiveCfg = Release|Any CPU
		{CD5DCA1C-7477-F089-63B2-BF3B5D813289}.Release|Any CPU.Build.0 = Release|Any CPU
		{CD5DCA1C-7477-F089-63B2-BF3B5D813289}.Release|Any CPU.Deploy.0 = Release|Any CPU
	EndGlobalSection
	GlobalSection(SolutionProperties) = preSolution
		HideSolutionNode = FALSE
	EndGlobalSection
	GlobalSection(ExtensibilityGlobals) = postSolution
		SolutionGuid = {35596D50-1128-487A-A2A4-479B0802B414}
	EndGlobalSection
EndGlobal
